// !$*UTF8*$!
{
	archiveVersion = 1;
	classes = {
	};
	objectVersion = 50;
	objects = {

/* Begin PBXBuildFile section */
		34445DB1242A76DB00F0686E /* AppDelegate.swift in Sources */ = {isa = PBXBuildFile; fileRef = 34445DB0242A76DB00F0686E /* AppDelegate.swift */; };
		34445DB3242A76DB00F0686E /* SceneDelegate.swift in Sources */ = {isa = PBXBuildFile; fileRef = 34445DB2242A76DB00F0686E /* SceneDelegate.swift */; };
		34445DBA242A76DE00F0686E /* Assets.xcassets in Resources */ = {isa = PBXBuildFile; fileRef = 34445DB9242A76DE00F0686E /* Assets.xcassets */; };
		34445DBD242A76DE00F0686E /* LaunchScreen.storyboard in Resources */ = {isa = PBXBuildFile; fileRef = 34445DBB242A76DE00F0686E /* LaunchScreen.storyboard */; };
		34445DC6242A77CE00F0686E /* HabitsTableViewController.swift in Sources */ = {isa = PBXBuildFile; fileRef = 34445DC4242A77CE00F0686E /* HabitsTableViewController.swift */; };
		34445DC7242A77CE00F0686E /* HabitsTableViewController.xib in Resources */ = {isa = PBXBuildFile; fileRef = 34445DC5242A77CE00F0686E /* HabitsTableViewController.xib */; };
		34445DCA242A784300F0686E /* UIViewControllerExtensions.swift in Sources */ = {isa = PBXBuildFile; fileRef = 34445DC9242A784300F0686E /* UIViewControllerExtensions.swift */; };
		346B862C242BEF600054DF0D /* Habit.swift in Sources */ = {isa = PBXBuildFile; fileRef = 346B862B242BEF600054DF0D /* Habit.swift */; };
		346B862E242BF2430054DF0D /* DateExtensions.swift in Sources */ = {isa = PBXBuildFile; fileRef = 346B862D242BF2430054DF0D /* DateExtensions.swift */; };
		346B8651242BF54D0054DF0D /* HabitTableViewCell.swift in Sources */ = {isa = PBXBuildFile; fileRef = 346B864F242BF54D0054DF0D /* HabitTableViewCell.swift */; };
		346B8652242BF54D0054DF0D /* HabitTableViewCell.xib in Resources */ = {isa = PBXBuildFile; fileRef = 346B8650242BF54D0054DF0D /* HabitTableViewCell.xib */; };
		346DF42E242D1CC900C7E56C /* HabitImageCollectionViewCell.swift in Sources */ = {isa = PBXBuildFile; fileRef = 346DF42C242D1CC900C7E56C /* HabitImageCollectionViewCell.swift */; };
		346DF42F242D1CC900C7E56C /* HabitImageCollectionViewCell.xib in Resources */ = {isa = PBXBuildFile; fileRef = 346DF42D242D1CC900C7E56C /* HabitImageCollectionViewCell.xib */; };
		346DF432242D202F00C7E56C /* ConfirmHabitViewController.swift in Sources */ = {isa = PBXBuildFile; fileRef = 346DF430242D202F00C7E56C /* ConfirmHabitViewController.swift */; };
		346DF433242D202F00C7E56C /* ConfirmHabitViewController.xib in Resources */ = {isa = PBXBuildFile; fileRef = 346DF431242D202F00C7E56C /* ConfirmHabitViewController.xib */; };
		346DF436242D27E600C7E56C /* HabitDetailedViewController.swift in Sources */ = {isa = PBXBuildFile; fileRef = 346DF434242D27E600C7E56C /* HabitDetailedViewController.swift */; };
		346DF437242D27E600C7E56C /* HabitDetailedViewController.xib in Resources */ = {isa = PBXBuildFile; fileRef = 346DF435242D27E600C7E56C /* HabitDetailedViewController.xib */; };
		3492260F242D130E0087E277 /* PersistenceLayer.swift in Sources */ = {isa = PBXBuildFile; fileRef = 3492260E242D130E0087E277 /* PersistenceLayer.swift */; };
		34922612242D15010087E277 /* AddHabitViewController.swift in Sources */ = {isa = PBXBuildFile; fileRef = 34922610242D15010087E277 /* AddHabitViewController.swift */; };
		34922613242D15010087E277 /* AddHabitViewController.xib in Resources */ = {isa = PBXBuildFile; fileRef = 34922611242D15010087E277 /* AddHabitViewController.xib */; };
/* End PBXBuildFile section */

/* Begin PBXFileReference section */
		34445DAD242A76DB00F0686E /* Habitual.app */ = {isa = PBXFileReference; explicitFileType = wrapper.application; includeInIndex = 0; path = Habitual.app; sourceTree = BUILT_PRODUCTS_DIR; };
		34445DB0242A76DB00F0686E /* AppDelegate.swift */ = {isa = PBXFileReference; lastKnownFileType = sourcecode.swift; path = AppDelegate.swift; sourceTree = "<group>"; };
		34445DB2242A76DB00F0686E /* SceneDelegate.swift */ = {isa = PBXFileReference; lastKnownFileType = sourcecode.swift; path = SceneDelegate.swift; sourceTree = "<group>"; };
		34445DB9242A76DE00F0686E /* Assets.xcassets */ = {isa = PBXFileReference; lastKnownFileType = folder.assetcatalog; path = Assets.xcassets; sourceTree = "<group>"; };
		34445DBC242A76DE00F0686E /* Base */ = {isa = PBXFileReference; lastKnownFileType = file.storyboard; name = Base; path = Base.lproj/LaunchScreen.storyboard; sourceTree = "<group>"; };
		34445DBE242A76DE00F0686E /* Info.plist */ = {isa = PBXFileReference; lastKnownFileType = text.plist.xml; path = Info.plist; sourceTree = "<group>"; };
		34445DC4242A77CE00F0686E /* HabitsTableViewController.swift */ = {isa = PBXFileReference; lastKnownFileType = sourcecode.swift; path = HabitsTableViewController.swift; sourceTree = "<group>"; };
		34445DC5242A77CE00F0686E /* HabitsTableViewController.xib */ = {isa = PBXFileReference; lastKnownFileType = file.xib; path = HabitsTableViewController.xib; sourceTree = "<group>"; };
		34445DC9242A784300F0686E /* UIViewControllerExtensions.swift */ = {isa = PBXFileReference; lastKnownFileType = sourcecode.swift; name = UIViewControllerExtensions.swift; path = Habitual/UIViewControllerExtensions.swift; sourceTree = SOURCE_ROOT; };
		346B862B242BEF600054DF0D /* Habit.swift */ = {isa = PBXFileReference; lastKnownFileType = sourcecode.swift; path = Habit.swift; sourceTree = "<group>"; };
		346B862D242BF2430054DF0D /* DateExtensions.swift */ = {isa = PBXFileReference; lastKnownFileType = sourcecode.swift; path = DateExtensions.swift; sourceTree = "<group>"; };
		346B864F242BF54D0054DF0D /* HabitTableViewCell.swift */ = {isa = PBXFileReference; lastKnownFileType = sourcecode.swift; path = HabitTableViewCell.swift; sourceTree = "<group>"; };
		346B8650242BF54D0054DF0D /* HabitTableViewCell.xib */ = {isa = PBXFileReference; lastKnownFileType = file.xib; path = HabitTableViewCell.xib; sourceTree = "<group>"; };
		346DF42C242D1CC900C7E56C /* HabitImageCollectionViewCell.swift */ = {isa = PBXFileReference; lastKnownFileType = sourcecode.swift; path = HabitImageCollectionViewCell.swift; sourceTree = "<group>"; };
		346DF42D242D1CC900C7E56C /* HabitImageCollectionViewCell.xib */ = {isa = PBXFileReference; lastKnownFileType = file.xib; path = HabitImageCollectionViewCell.xib; sourceTree = "<group>"; };
		346DF430242D202F00C7E56C /* ConfirmHabitViewController.swift */ = {isa = PBXFileReference; lastKnownFileType = sourcecode.swift; path = ConfirmHabitViewController.swift; sourceTree = "<group>"; };
		346DF431242D202F00C7E56C /* ConfirmHabitViewController.xib */ = {isa = PBXFileReference; lastKnownFileType = file.xib; path = ConfirmHabitViewController.xib; sourceTree = "<group>"; };
		346DF434242D27E600C7E56C /* HabitDetailedViewController.swift */ = {isa = PBXFileReference; lastKnownFileType = sourcecode.swift; path = HabitDetailedViewController.swift; sourceTree = "<group>"; };
		346DF435242D27E600C7E56C /* HabitDetailedViewController.xib */ = {isa = PBXFileReference; lastKnownFileType = file.xib; path = HabitDetailedViewController.xib; sourceTree = "<group>"; };
		3492260E242D130E0087E277 /* PersistenceLayer.swift */ = {isa = PBXFileReference; lastKnownFileType = sourcecode.swift; path = PersistenceLayer.swift; sourceTree = "<group>"; };
		34922610242D15010087E277 /* AddHabitViewController.swift */ = {isa = PBXFileReference; lastKnownFileType = sourcecode.swift; path = AddHabitViewController.swift; sourceTree = "<group>"; };
		34922611242D15010087E277 /* AddHabitViewController.xib */ = {isa = PBXFileReference; lastKnownFileType = file.xib; path = AddHabitViewController.xib; sourceTree = "<group>"; };
/* End PBXFileReference section */

/* Begin PBXFrameworksBuildPhase section */
		34445DAA242A76DB00F0686E /* Frameworks */ = {
			isa = PBXFrameworksBuildPhase;
			buildActionMask = 2147483647;
			files = (
			);
			runOnlyForDeploymentPostprocessing = 0;
		};
/* End PBXFrameworksBuildPhase section */

/* Begin PBXGroup section */
		34445DA4242A76DB00F0686E = {
			isa = PBXGroup;
			children = (
				34445DAF242A76DB00F0686E /* Habitual */,
				34445DAE242A76DB00F0686E /* Products */,
			);
			sourceTree = "<group>";
		};
		34445DAE242A76DB00F0686E /* Products */ = {
			isa = PBXGroup;
			children = (
				34445DAD242A76DB00F0686E /* Habitual.app */,
			);
			name = Products;
			sourceTree = "<group>";
		};
		34445DAF242A76DB00F0686E /* Habitual */ = {
			isa = PBXGroup;
			children = (
				34445DB0242A76DB00F0686E /* AppDelegate.swift */,
				34445DB2242A76DB00F0686E /* SceneDelegate.swift */,
				34445DC9242A784300F0686E /* UIViewControllerExtensions.swift */,
				34445DC8242A77DD00F0686E /* Views */,
				34445DB9242A76DE00F0686E /* Assets.xcassets */,
				34445DBB242A76DE00F0686E /* LaunchScreen.storyboard */,
				34445DBE242A76DE00F0686E /* Info.plist */,
			);
			path = Habitual;
			sourceTree = "<group>";
		};
		34445DC8242A77DD00F0686E /* Views */ = {
			isa = PBXGroup;
			children = (
				346DF434242D27E600C7E56C /* HabitDetailedViewController.swift */,
				346DF435242D27E600C7E56C /* HabitDetailedViewController.xib */,
				34445DC4242A77CE00F0686E /* HabitsTableViewController.swift */,
				34922610242D15010087E277 /* AddHabitViewController.swift */,
				34922611242D15010087E277 /* AddHabitViewController.xib */,
				346DF42C242D1CC900C7E56C /* HabitImageCollectionViewCell.swift */,
				346DF430242D202F00C7E56C /* ConfirmHabitViewController.swift */,
				346DF431242D202F00C7E56C /* ConfirmHabitViewController.xib */,
				346DF42D242D1CC900C7E56C /* HabitImageCollectionViewCell.xib */,
				346B864F242BF54D0054DF0D /* HabitTableViewCell.swift */,
				346B8650242BF54D0054DF0D /* HabitTableViewCell.xib */,
				346B862B242BEF600054DF0D /* Habit.swift */,
				3492260E242D130E0087E277 /* PersistenceLayer.swift */,
				346B862D242BF2430054DF0D /* DateExtensions.swift */,
				34445DC5242A77CE00F0686E /* HabitsTableViewController.xib */,
			);
			path = Views;
			sourceTree = "<group>";
		};
/* End PBXGroup section */

/* Begin PBXNativeTarget section */
		34445DAC242A76DB00F0686E /* Habitual */ = {
			isa = PBXNativeTarget;
			buildConfigurationList = 34445DC1242A76DE00F0686E /* Build configuration list for PBXNativeTarget "Habitual" */;
			buildPhases = (
				34445DA9242A76DB00F0686E /* Sources */,
				34445DAA242A76DB00F0686E /* Frameworks */,
				34445DAB242A76DB00F0686E /* Resources */,
			);
			buildRules = (
			);
			dependencies = (
			);
			name = Habitual;
			productName = Habitual;
			productReference = 34445DAD242A76DB00F0686E /* Habitual.app */;
			productType = "com.apple.product-type.application";
		};
/* End PBXNativeTarget section */

/* Begin PBXProject section */
		34445DA5242A76DB00F0686E /* Project object */ = {
			isa = PBXProject;
			attributes = {
				LastSwiftUpdateCheck = 1130;
				LastUpgradeCheck = 1130;
				ORGANIZATIONNAME = "Joseph Shur";
				TargetAttributes = {
					34445DAC242A76DB00F0686E = {
						CreatedOnToolsVersion = 11.3.1;
					};
				};
			};
			buildConfigurationList = 34445DA8242A76DB00F0686E /* Build configuration list for PBXProject "Habitual" */;
			compatibilityVersion = "Xcode 9.3";
			developmentRegion = en;
			hasScannedForEncodings = 0;
			knownRegions = (
				en,
				Base,
			);
			mainGroup = 34445DA4242A76DB00F0686E;
			productRefGroup = 34445DAE242A76DB00F0686E /* Products */;
			projectDirPath = "";
			projectRoot = "";
			targets = (
				34445DAC242A76DB00F0686E /* Habitual */,
			);
		};
/* End PBXProject section */

/* Begin PBXResourcesBuildPhase section */
		34445DAB242A76DB00F0686E /* Resources */ = {
			isa = PBXResourcesBuildPhase;
			buildActionMask = 2147483647;
			files = (
				34445DBD242A76DE00F0686E /* LaunchScreen.storyboard in Resources */,
				34922613242D15010087E277 /* AddHabitViewController.xib in Resources */,
				346DF433242D202F00C7E56C /* ConfirmHabitViewController.xib in Resources */,
				346DF437242D27E600C7E56C /* HabitDetailedViewController.xib in Resources */,
				34445DC7242A77CE00F0686E /* HabitsTableViewController.xib in Resources */,
				346B8652242BF54D0054DF0D /* HabitTableViewCell.xib in Resources */,
				346DF42F242D1CC900C7E56C /* HabitImageCollectionViewCell.xib in Resources */,
				34445DBA242A76DE00F0686E /* Assets.xcassets in Resources */,
			);
			runOnlyForDeploymentPostprocessing = 0;
		};
/* End PBXResourcesBuildPhase section */

/* Begin PBXSourcesBuildPhase section */
		34445DA9242A76DB00F0686E /* Sources */ = {
			isa = PBXSourcesBuildPhase;
			buildActionMask = 2147483647;
			files = (
				34445DCA242A784300F0686E /* UIViewControllerExtensions.swift in Sources */,
				346B862C242BEF600054DF0D /* Habit.swift in Sources */,
				34445DB1242A76DB00F0686E /* AppDelegate.swift in Sources */,
				3492260F242D130E0087E277 /* PersistenceLayer.swift in Sources */,
				34445DB3242A76DB00F0686E /* SceneDelegate.swift in Sources */,
				346DF436242D27E600C7E56C /* HabitDetailedViewController.swift in Sources */,
				34445DC6242A77CE00F0686E /* HabitsTableViewController.swift in Sources */,
				346B8651242BF54D0054DF0D /* HabitTableViewCell.swift in Sources */,
				346DF42E242D1CC900C7E56C /* HabitImageCollectionViewCell.swift in Sources */,
				34922612242D15010087E277 /* AddHabitViewController.swift in Sources */,
				346DF432242D202F00C7E56C /* ConfirmHabitViewController.swift in Sources */,
				346B862E242BF2430054DF0D /* DateExtensions.swift in Sources */,
			);
			runOnlyForDeploymentPostprocessing = 0;
		};
/* End PBXSourcesBuildPhase section */

/* Begin PBXVariantGroup section */
		34445DBB242A76DE00F0686E /* LaunchScreen.storyboard */ = {
			isa = PBXVariantGroup;
			children = (
				34445DBC242A76DE00F0686E /* Base */,
			);
			name = LaunchScreen.storyboard;
			sourceTree = "<group>";
		};
/* End PBXVariantGroup section */

/* Begin XCBuildConfiguration section */
		34445DBF242A76DE00F0686E /* Debug */ = {
			isa = XCBuildConfiguration;
			buildSettings = {
				ALWAYS_SEARCH_USER_PATHS = NO;
				CLANG_ANALYZER_NONNULL = YES;
				CLANG_ANALYZER_NUMBER_OBJECT_CONVERSION = YES_AGGRESSIVE;
				CLANG_CXX_LANGUAGE_STANDARD = "gnu++14";
				CLANG_CXX_LIBRARY = "libc++";
				CLANG_ENABLE_MODULES = YES;
				CLANG_ENABLE_OBJC_ARC = YES;
				CLANG_ENABLE_OBJC_WEAK = YES;
				CLANG_WARN_BLOCK_CAPTURE_AUTORELEASING = YES;
				CLANG_WARN_BOOL_CONVERSION = YES;
				CLANG_WARN_COMMA = YES;
				CLANG_WARN_CONSTANT_CONVERSION = YES;
				CLANG_WARN_DEPRECATED_OBJC_IMPLEMENTATIONS = YES;
				CLANG_WARN_DIRECT_OBJC_ISA_USAGE = YES_ERROR;
				CLANG_WARN_DOCUMENTATION_COMMENTS = YES;
				CLANG_WARN_EMPTY_BODY = YES;
				CLANG_WARN_ENUM_CONVERSION = YES;
				CLANG_WARN_INFINITE_RECURSION = YES;
				CLANG_WARN_INT_CONVERSION = YES;
				CLANG_WARN_NON_LITERAL_NULL_CONVERSION = YES;
				CLANG_WARN_OBJC_IMPLICIT_RETAIN_SELF = YES;
				CLANG_WARN_OBJC_LITERAL_CONVERSION = YES;
				CLANG_WARN_OBJC_ROOT_CLASS = YES_ERROR;
				CLANG_WARN_RANGE_LOOP_ANALYSIS = YES;
				CLANG_WARN_STRICT_PROTOTYPES = YES;
				CLANG_WARN_SUSPICIOUS_MOVE = YES;
				CLANG_WARN_UNGUARDED_AVAILABILITY = YES_AGGRESSIVE;
				CLANG_WARN_UNREACHABLE_CODE = YES;
				CLANG_WARN__DUPLICATE_METHOD_MATCH = YES;
				COPY_PHASE_STRIP = NO;
				DEBUG_INFORMATION_FORMAT = dwarf;
				ENABLE_STRICT_OBJC_MSGSEND = YES;
				ENABLE_TESTABILITY = YES;
				GCC_C_LANGUAGE_STANDARD = gnu11;
				GCC_DYNAMIC_NO_PIC = NO;
				GCC_NO_COMMON_BLOCKS = YES;
				GCC_OPTIMIZATION_LEVEL = 0;
				GCC_PREPROCESSOR_DEFINITIONS = (
					"DEBUG=1",
					"$(inherited)",
				);
				GCC_WARN_64_TO_32_BIT_CONVERSION = YES;
				GCC_WARN_ABOUT_RETURN_TYPE = YES_ERROR;
				GCC_WARN_UNDECLARED_SELECTOR = YES;
				GCC_WARN_UNINITIALIZED_AUTOS = YES_AGGRESSIVE;
				GCC_WARN_UNUSED_FUNCTION = YES;
				GCC_WARN_UNUSED_VARIABLE = YES;
				IPHONEOS_DEPLOYMENT_TARGET = 13.2;
				MTL_ENABLE_DEBUG_INFO = INCLUDE_SOURCE;
				MTL_FAST_MATH = YES;
				ONLY_ACTIVE_ARCH = YES;
				SDKROOT = iphoneos;
				SWIFT_ACTIVE_COMPILATION_CONDITIONS = DEBUG;
				SWIFT_OPTIMIZATION_LEVEL = "-Onone";
			};
			name = Debug;
		};
		34445DC0242A76DE00F0686E /* Release */ = {
			isa = XCBuildConfiguration;
			buildSettings = {
				ALWAYS_SEARCH_USER_PATHS = NO;
				CLANG_ANALYZER_NONNULL = YES;
				CLANG_ANALYZER_NUMBER_OBJECT_CONVERSION = YES_AGGRESSIVE;
				CLANG_CXX_LANGUAGE_STANDARD = "gnu++14";
				CLANG_CXX_LIBRARY = "libc++";
				CLANG_ENABLE_MODULES = YES;
				CLANG_ENABLE_OBJC_ARC = YES;
				CLANG_ENABLE_OBJC_WEAK = YES;
				CLANG_WARN_BLOCK_CAPTURE_AUTORELEASING = YES;
				CLANG_WARN_BOOL_CONVERSION = YES;
				CLANG_WARN_COMMA = YES;
				CLANG_WARN_CONSTANT_CONVERSION = YES;
				CLANG_WARN_DEPRECATED_OBJC_IMPLEMENTATIONS = YES;
				CLANG_WARN_DIRECT_OBJC_ISA_USAGE = YES_ERROR;
				CLANG_WARN_DOCUMENTATION_COMMENTS = YES;
				CLANG_WARN_EMPTY_BODY = YES;
				CLANG_WARN_ENUM_CONVERSION = YES;
				CLANG_WARN_INFINITE_RECURSION = YES;
				CLANG_WARN_INT_CONVERSION = YES;
				CLANG_WARN_NON_LITERAL_NULL_CONVERSION = YES;
				CLANG_WARN_OBJC_IMPLICIT_RETAIN_SELF = YES;
				CLANG_WARN_OBJC_LITERAL_CONVERSION = YES;
				CLANG_WARN_OBJC_ROOT_CLASS = YES_ERROR;
				CLANG_WARN_RANGE_LOOP_ANALYSIS = YES;
				CLANG_WARN_STRICT_PROTOTYPES = YES;
				CLANG_WARN_SUSPICIOUS_MOVE = YES;
				CLANG_WARN_UNGUARDED_AVAILABILITY = YES_AGGRESSIVE;
				CLANG_WARN_UNREACHABLE_CODE = YES;
				CLANG_WARN__DUPLICATE_METHOD_MATCH = YES;
				COPY_PHASE_STRIP = NO;
				DEBUG_INFORMATION_FORMAT = "dwarf-with-dsym";
				ENABLE_NS_ASSERTIONS = NO;
				ENABLE_STRICT_OBJC_MSGSEND = YES;
				GCC_C_LANGUAGE_STANDARD = gnu11;
				GCC_NO_COMMON_BLOCKS = YES;
				GCC_WARN_64_TO_32_BIT_CONVERSION = YES;
				GCC_WARN_ABOUT_RETURN_TYPE = YES_ERROR;
				GCC_WARN_UNDECLARED_SELECTOR = YES;
				GCC_WARN_UNINITIALIZED_AUTOS = YES_AGGRESSIVE;
				GCC_WARN_UNUSED_FUNCTION = YES;
				GCC_WARN_UNUSED_VARIABLE = YES;
				IPHONEOS_DEPLOYMENT_TARGET = 13.2;
				MTL_ENABLE_DEBUG_INFO = NO;
				MTL_FAST_MATH = YES;
				SDKROOT = iphoneos;
				SWIFT_COMPILATION_MODE = wholemodule;
				SWIFT_OPTIMIZATION_LEVEL = "-O";
				VALIDATE_PRODUCT = YES;
			};
			name = Release;
		};
		34445DC2242A76DE00F0686E /* Debug */ = {
			isa = XCBuildConfiguration;
			buildSettings = {
				ASSETCATALOG_COMPILER_APPICON_NAME = AppIcon;
				CODE_SIGN_STYLE = Automatic;
				DEVELOPMENT_TEAM = LBT7TZM9ZN;
				INFOPLIST_FILE = Habitual/Info.plist;
				LD_RUNPATH_SEARCH_PATHS = (
					"$(inherited)",
					"@executable_path/Frameworks",
				);
				PRODUCT_BUNDLE_IDENTIFIER = com.makeschool.Habitual;
				PRODUCT_NAME = "$(TARGET_NAME)";
				SWIFT_VERSION = 5.0;
				TARGETED_DEVICE_FAMILY = "1,2";
			};
			name = Debug;
		};
		34445DC3242A76DE00F0686E /* Release */ = {
			isa = XCBuildConfiguration;
			buildSettings = {
				ASSETCATALOG_COMPILER_APPICON_NAME = AppIcon;
				CODE_SIGN_STYLE = Automatic;
				DEVELOPMENT_TEAM = LBT7TZM9ZN;
				INFOPLIST_FILE = Habitual/Info.plist;
				LD_RUNPATH_SEARCH_PATHS = (
					"$(inherited)",
					"@executable_path/Frameworks",
				);
				PRODUCT_BUNDLE_IDENTIFIER = com.makeschool.Habitual;
				PRODUCT_NAME = "$(TARGET_NAME)";
				SWIFT_VERSION = 5.0;
				TARGETED_DEVICE_FAMILY = "1,2";
			};
			name = Release;
		};
/* End XCBuildConfiguration section */

/* Begin XCConfigurationList section */
		34445DA8242A76DB00F0686E /* Build configuration list for PBXProject "Habitual" */ = {
			isa = XCConfigurationList;
			buildConfigurations = (
				34445DBF242A76DE00F0686E /* Debug */,
				34445DC0242A76DE00F0686E /* Release */,
			);
			defaultConfigurationIsVisible = 0;
			defaultConfigurationName = Release;
		};
		34445DC1242A76DE00F0686E /* Build configuration list for PBXNativeTarget "Habitual" */ = {
			isa = XCConfigurationList;
			buildConfigurations = (
				34445DC2242A76DE00F0686E /* Debug */,
				34445DC3242A76DE00F0686E /* Release */,
			);
			defaultConfigurationIsVisible = 0;
			defaultConfigurationName = Release;
		};
/* End XCConfigurationList section */
	};
	rootObject = 34445DA5242A76DB00F0686E /* Project object */;
}
